
Microsoft Visual Studio Solution File, Format Version 12.00
# Visual Studio Version 17
VisualStudioVersion = 17.11.35222.181
MinimumVisualStudioVersion = 10.0.40219.1
Project("{54A90642-561A-4BB1-A94E-469ADEE60C69}") = "fragmentareact", "fragmentareact\fragmentareact.esproj", "{B669CF5C-D8C3-4633-B7E3-2F6F993859D6}"
EndProject
Global
	GlobalSection(SolutionConfigurationPlatforms) = preSolution
		Debug|Any CPU = Debug|Any CPU
		Release|Any CPU = Release|Any CPU
	EndGlobalSection
	GlobalSection(ProjectConfigurationPlatforms) = postSolution
		{B669CF5C-D8C3-4633-B7E3-2F6F993859D6}.Debug|Any CPU.ActiveCfg = Debug|Any CPU
		{B669CF5C-D8C3-4633-B7E3-2F6F993859D6}.Debug|Any CPU.Build.0 = Debug|Any CPU
		{B669CF5C-D8C3-4633-B7E3-2F6F993859D6}.Debug|Any CPU.Deploy.0 = Debug|Any CPU
		{B669CF5C-D8C3-4633-B7E3-2F6F993859D6}.Release|Any CPU.ActiveCfg = Release|Any CPU
		{B669CF5C-D8C3-4633-B7E3-2F6F993859D6}.Release|Any CPU.Build.0 = Release|Any CPU
		{B669CF5C-D8C3-4633-B7E3-2F6F993859D6}.Release|Any CPU.Deploy.0 = Release|Any CPU
	EndGlobalSection
	GlobalSection(SolutionProperties) = preSolution
		HideSolutionNode = FALSE
	EndGlobalSection
	GlobalSection(ExtensibilityGlobals) = postSolution
		SolutionGuid = {0958DC4B-0B03-40CE-BFD8-ABAB32C72FF6}
	EndGlobalSection
EndGlobal
